Microsoft Visual Studio Solution File, Format Version 12.00
# Visual Studio Version 17
VisualStudioVersion = 17.5.2.0
MinimumVisualStudioVersion = 10.0.40219.1
Project("{FAE04EC0-301F-11D3-BF4B-00C04F79EFBC}") = "Momentum.WebApp", "Momentum.WebApp.csproj", "{A3AEC3E4-0BC0-2774-792D-77774EDFE715}"
EndProject
Global
	GlobalSection(SolutionConfigurationPlatforms) = preSolution
		Debug|Any CPU = Debug|Any CPU
		Release|Any CPU = Release|Any CPU
	EndGlobalSection
	GlobalSection(ProjectConfigurationPlatforms) = postSolution
		{A3AEC3E4-0BC0-2774-792D-77774EDFE715}.Debug|Any CPU.ActiveCfg = Debug|Any CPU
		{A3AEC3E4-0BC0-2774-792D-77774EDFE715}.Debug|Any CPU.Build.0 = Debug|Any CPU
		{A3AEC3E4-0BC0-2774-792D-77774EDFE715}.Release|Any CPU.ActiveCfg = Release|Any CPU
		{A3AEC3E4-0BC0-2774-792D-77774EDFE715}.Release|Any CPU.Build.0 = Release|Any CPU
	EndGlobalSection
	GlobalSection(SolutionProperties) = preSolution
		HideSolutionNode = FALSE
	EndGlobalSection
	GlobalSection(ExtensibilityGlobals) = postSolution
		SolutionGuid = {EAD6A72F-96CB-409B-8323-A0B5CFA2339F}
	EndGlobalSection
EndGlobal
